name: M20 Dependency Lock

on:
  push:
    branches:
      - work/m20-js-ts-parser-foundation

permissions:
  contents: write

jobs:
  lock:
    runs-on: ubuntu-latest
    steps:
      - uses: actions/checkout@v4
        with:
          fetch-depth: 0
      - uses: actions/setup-go@v5
        with:
          go-version-file: go.mod
          cache: false
      - name: Lock parser dependency
        run: |
          go get github.com/odvcencio/gotreesitter@v0.55.1
          go mod tidy
          git config user.name "github-actions[bot]"
          git config user.email "41898282+github-actions[bot]@users.noreply.github.com"
          if ! git diff --quiet || [ -n "$(git ls-files --others --exclude-standard)" ]; then
            git add go.mod go.sum
            git commit -m "build(m20): lock pure-Go parser dependency"
            git push
          fi
